# THIS IS AN AUTOGENERATED FILE. DO NOT EDIT THIS FILE DIRECTLY.
# yarn lockfile v1


workbox-core@7.0.0, workbox-core@^7.0.0:
  version "7.0.0"
  resolved "https://registry.yarnpkg.com/workbox-core/-/workbox-core-7.0.0.tgz#dec114ec923cc2adc967dd9be1b8a0bed50a3545"
  integrity sha512-81JkAAZtfVP8darBpfRTovHg8DGAVrKFgHpOArZbdFd78VqHr5Iw65f2guwjE2NlCFbPFDoez3D3/6ZvhI/rwQ==

workbox-precaching@^7.0.0:
  version "7.0.0"
  resolved "https://registry.yarnpkg.com/workbox-precaching/-/workbox-precaching-7.0.0.tgz#3979ba8033aadf3144b70e9fe631d870d5fbaa03"
  integrity sha512-EC0vol623LJqTJo1mkhD9DZmMP604vHqni3EohhQVwhJlTgyKyOkMrZNy5/QHfOby+39xqC01gv4LjOm4HSfnA==
  dependencies:
    workbox-core "7.0.0"
    workbox-routing "7.0.0"
    workbox-strategies "7.0.0"

workbox-routing@7.0.0:
  version "7.0.0"
  resolved "https://registry.yarnpkg.com/workbox-routing/-/workbox-routing-7.0.0.tgz#6668438a06554f60645aedc77244a4fe3a91e302"
  integrity sha512-8YxLr3xvqidnbVeGyRGkaV4YdlKkn5qZ1LfEePW3dq+ydE73hUUJJuLmGEykW3fMX8x8mNdL0XrWgotcuZjIvA==
  dependencies:
    workbox-core "7.0.0"

workbox-strategies@7.0.0:
  version "7.0.0"
  resolved "https://registry.yarnpkg.com/workbox-strategies/-/workbox-strategies-7.0.0.tgz#dcba32b3f3074476019049cc490fe1a60ea73382"
  integrity sha512-dg3qJU7tR/Gcd/XXOOo7x9QoCI9nk74JopaJaYAQ+ugLi57gPsXycVdBnYbayVj34m6Y8ppPwIuecrzkpBVwbA==
  dependencies:
    workbox-core "7.0.0"
